<?xml version="1.0" encoding="utf-8"?>
<Project ToolsVersion="4.0" xmlns="http://schemas.microsoft.com/developer/msbuild/2003">
  <ItemGroup>
    <Filter Include="others">
      <UniqueIdentifier>{43c3f56d-8c33-4344-8c5e-92630ba30db4}</UniqueIdentifier>
    </Filter>
    <Filter Include="Scene">
      <UniqueIdentifier>{4558426c-28c6-46aa-b782-213d33e58db7}</UniqueIdentifier>
    </Filter>
    <Filter Include="Scene\Opening">
      <UniqueIdentifier>{b460de27-8461-4ce8-935c-fca9c94859e9}</UniqueIdentifier>
    </Filter>
    <Filter Include="Resource">
      <UniqueIdentifier>{c386fa01-903e-4e09-8bea-bb20974ea9f1}</UniqueIdentifier>
    </Filter>
    <Filter Include="Transition">
      <UniqueIdentifier>{e4da9d3b-b046-44f1-81fb-ea893f17dfb3}</UniqueIdentifier>
    </Filter>
    <Filter Include="Scene\Menu">
      <UniqueIdentifier>{a73f8726-8ec6-412a-9c91-8b69d27336eb}</UniqueIdentifier>
    </Filter>
    <Filter Include="Resource\Sound">
      <UniqueIdentifier>{db58cca0-e9e4-4e5d-9eb5-3b165b6c3414}</UniqueIdentifier>
    </Filter>
    <Filter Include="Resource\Graphic">
      <UniqueIdentifier>{25b75aee-5b0c-44df-9869-e53f00b6530e}</UniqueIdentifier>
    </Filter>
    <Filter Include="Resource\Graphic\Movie">
      <UniqueIdentifier>{edd216a0-83df-4654-a444-6412c1e4beef}</UniqueIdentifier>
    </Filter>
    <Filter Include="Resource\Graphic\Image">
      <UniqueIdentifier>{d08fec9d-34cf-4807-89af-985612bc02f7}</UniqueIdentifier>
    </Filter>
    <Filter Include="Resource\Sound\BGM">
      <UniqueIdentifier>{6c607580-9ded-4da9-8700-02f5e815916d}</UniqueIdentifier>
    </Filter>
    <Filter Include="Resource\Sound\Effect">
      <UniqueIdentifier>{375eab98-a5e2-425a-b0b1-03a48002bd9e}</UniqueIdentifier>
    </Filter>
  </ItemGroup>
  <ItemGroup>
    <ClInclude Include="key.h">
      <Filter>others</Filter>
    </ClInclude>
    <ClInclude Include="function.h">
      <Filter>others</Filter>
    </ClInclude>
    <ClInclude Include="CBright.h">
      <Filter>others</Filter>
    </ClInclude>
    <ClInclude Include="ITrans.h">
      <Filter>Transition</Filter>
    </ClInclude>
    <ClInclude Include="CTransFadein.h">
      <Filter>Transition</Filter>
    </ClInclude>
    <ClInclude Include="ISceneChanger.h">
      <Filter>Transition</Filter>
    </ClInclude>
    <ClInclude Include="CTransFadeout.h">
      <Filter>Transition</Filter>
    </ClInclude>
    <ClInclude Include="CTransDarkness.h">
      <Filter>Transition</Filter>
    </ClInclude>
    <ClInclude Include="CScene.h">
      <Filter>Scene</Filter>
    </ClInclude>
    <ClInclude Include="CSceneMgr.h">
      <Filter>Scene</Filter>
    </ClInclude>
    <ClInclude Include="Opening.MyLogo.h">
      <Filter>Scene\Opening</Filter>
    </ClInclude>
    <ClInclude Include="Opening.Title.h">
      <Filter>Scene\Opening</Filter>
    </ClInclude>
    <ClInclude Include="Movie.h">
      <Filter>Resource\Graphic\Movie</Filter>
    </ClInclude>
    <ClInclude Include="MovieTitle.h">
      <Filter>Resource\Graphic\Movie</Filter>
    </ClInclude>
    <ClInclude Include="Menu.h">
      <Filter>Scene\Menu</Filter>
    </ClInclude>
    <ClInclude Include="Image.h">
      <Filter>Resource\Graphic\Image</Filter>
    </ClInclude>
    <ClInclude Include="ImageLoading.h">
      <Filter>Resource\Graphic\Image</Filter>
    </ClInclude>
    <ClInclude Include="ImageLogo.h">
      <Filter>Resource\Graphic\Image</Filter>
    </ClInclude>
    <ClInclude Include="ImageMenu.h">
      <Filter>Resource\Graphic\Image</Filter>
    </ClInclude>
    <ClInclude Include="ImageSpriteStudio.h">
      <Filter>Resource\Graphic\Image</Filter>
    </ClInclude>
    <ClInclude Include="Graphic.h">
      <Filter>Resource\Graphic</Filter>
    </ClInclude>
    <ClInclude Include="BGM.h">
      <Filter>Resource\Sound\BGM</Filter>
    </ClInclude>
    <ClInclude Include="BGMMenu.h">
      <Filter>Resource\Sound\BGM</Filter>
    </ClInclude>
  </ItemGroup>
  <ItemGroup>
    <ClCompile Include="key.cpp">
      <Filter>others</Filter>
    </ClCompile>
    <ClCompile Include="function.cpp">
      <Filter>others</Filter>
    </ClCompile>
    <ClCompile Include="CBright.cpp">
      <Filter>others</Filter>
    </ClCompile>
    <ClCompile Include="main.cpp" />
    <ClCompile Include="CTransFadeout.cpp">
      <Filter>Transition</Filter>
    </ClCompile>
    <ClCompile Include="CTransFadein.cpp">
      <Filter>Transition</Filter>
    </ClCompile>
    <ClCompile Include="CTransDarkness.cpp">
      <Filter>Transition</Filter>
    </ClCompile>
    <ClCompile Include="CSceneMgr.cpp">
      <Filter>Scene</Filter>
    </ClCompile>
    <ClCompile Include="Opening.MyLogo.cpp">
      <Filter>Scene\Opening</Filter>
    </ClCompile>
    <ClCompile Include="Opening.SSLogo.cpp">
      <Filter>Scene\Opening</Filter>
    </ClCompile>
    <ClCompile Include="Opening.Title.cpp">
      <Filter>Scene\Opening</Filter>
    </ClCompile>
    <ClCompile Include="Menu.cpp">
      <Filter>Scene\Menu</Filter>
    </ClCompile>
  </ItemGroup>
  <ItemGroup>
    <None Include="Opening.SSLogo.h">
      <Filter>Scene\Opening</Filter>
    </None>
  </ItemGroup>
</Project>