<?xml version="1.0" encoding="utf-8"?>
<Project ToolsVersion="4.0" xmlns="http://schemas.microsoft.com/developer/msbuild/2003">
  <ItemGroup>
    <Filter Include="Opening">
      <UniqueIdentifier>{b460de27-8461-4ce8-935c-fca9c94859e9}</UniqueIdentifier>
    </Filter>
    <Filter Include="Scene">
      <UniqueIdentifier>{acd0333f-7bd7-4b2e-8c4d-845f6e05bce1}</UniqueIdentifier>
    </Filter>
    <Filter Include="Game">
      <UniqueIdentifier>{835c9aac-436c-4612-8e7a-6e22904a0a6d}</UniqueIdentifier>
    </Filter>
    <Filter Include="others">
      <UniqueIdentifier>{43c3f56d-8c33-4344-8c5e-92630ba30db4}</UniqueIdentifier>
    </Filter>
  </ItemGroup>
  <ItemGroup>
    <ClInclude Include="Opening.h">
      <Filter>Opening</Filter>
    </ClInclude>
    <ClInclude Include="CSceneMgr.h">
      <Filter>Scene</Filter>
    </ClInclude>
    <ClInclude Include="CBaseScene.h">
      <Filter>Scene</Filter>
    </ClInclude>
    <ClInclude Include="CSceneTask.h">
      <Filter>Scene</Filter>
    </ClInclude>
    <ClInclude Include="ISceneChanger.h">
      <Filter>Scene</Filter>
    </ClInclude>
    <ClInclude Include="Game.h">
      <Filter>Game</Filter>
    </ClInclude>
    <ClInclude Include="key.h">
      <Filter>others</Filter>
    </ClInclude>
    <ClInclude Include="CPuyoField.h">
      <Filter>Game</Filter>
    </ClInclude>
    <ClInclude Include="Game_define.h">
      <Filter>Game</Filter>
    </ClInclude>
    <ClInclude Include="CPlayer.h">
      <Filter>Game</Filter>
    </ClInclude>
    <ClInclude Include="CResourceMgr.h">
      <Filter>others</Filter>
    </ClInclude>
    <ClInclude Include="CPlayer_CFall.h">
      <Filter>Game</Filter>
    </ClInclude>
    <ClInclude Include="function.h">
      <Filter>others</Filter>
    </ClInclude>
    <ClInclude Include="CBright.h">
      <Filter>others</Filter>
    </ClInclude>
  </ItemGroup>
  <ItemGroup>
    <ClCompile Include="Opening.cpp">
      <Filter>Opening</Filter>
    </ClCompile>
    <ClCompile Include="CBaseScene.cpp">
      <Filter>Scene</Filter>
    </ClCompile>
    <ClCompile Include="CSceneMgr.cpp">
      <Filter>Scene</Filter>
    </ClCompile>
    <ClCompile Include="ISceneChanger.cpp">
      <Filter>Scene</Filter>
    </ClCompile>
    <ClCompile Include="key.cpp">
      <Filter>others</Filter>
    </ClCompile>
    <ClCompile Include="main.cpp">
      <Filter>others</Filter>
    </ClCompile>
    <ClCompile Include="Game.cpp">
      <Filter>Game</Filter>
    </ClCompile>
    <ClCompile Include="CPuyoField.cpp">
      <Filter>Game</Filter>
    </ClCompile>
    <ClCompile Include="CPlayer.cpp">
      <Filter>Game</Filter>
    </ClCompile>
    <ClCompile Include="CResourceMgr.cpp">
      <Filter>others</Filter>
    </ClCompile>
    <ClCompile Include="function.cpp">
      <Filter>others</Filter>
    </ClCompile>
    <ClCompile Include="CPlayer_CFall_1.cpp">
      <Filter>Game</Filter>
    </ClCompile>
    <ClCompile Include="CPlayer_CFall_2.cpp">
      <Filter>Game</Filter>
    </ClCompile>
    <ClCompile Include="CBright.cpp">
      <Filter>others</Filter>
    </ClCompile>
  </ItemGroup>
  <ItemGroup>
    <None Include="packages.config" />
  </ItemGroup>
</Project>