<?xml version="1.0" encoding="utf-8"?>
<Project ToolsVersion="4.0" xmlns="http://schemas.microsoft.com/developer/msbuild/2003">
  <ItemGroup>
    <Filter Include="others">
      <UniqueIdentifier>{43c3f56d-8c33-4344-8c5e-92630ba30db4}</UniqueIdentifier>
    </Filter>
    <Filter Include="Scene">
      <UniqueIdentifier>{4558426c-28c6-46aa-b782-213d33e58db7}</UniqueIdentifier>
    </Filter>
    <Filter Include="Scene\Opening">
      <UniqueIdentifier>{b460de27-8461-4ce8-935c-fca9c94859e9}</UniqueIdentifier>
    </Filter>
    <Filter Include="Resource">
      <UniqueIdentifier>{c386fa01-903e-4e09-8bea-bb20974ea9f1}</UniqueIdentifier>
    </Filter>
    <Filter Include="Transition">
      <UniqueIdentifier>{e4da9d3b-b046-44f1-81fb-ea893f17dfb3}</UniqueIdentifier>
    </Filter>
    <Filter Include="Resource\Graphic">
      <UniqueIdentifier>{d08fec9d-34cf-4807-89af-985612bc02f7}</UniqueIdentifier>
    </Filter>
    <Filter Include="Resource\Movie">
      <UniqueIdentifier>{edd216a0-83df-4654-a444-6412c1e4beef}</UniqueIdentifier>
    </Filter>
  </ItemGroup>
  <ItemGroup>
    <ClInclude Include="key.h">
      <Filter>others</Filter>
    </ClInclude>
    <ClInclude Include="function.h">
      <Filter>others</Filter>
    </ClInclude>
    <ClInclude Include="CBright.h">
      <Filter>others</Filter>
    </ClInclude>
    <ClInclude Include="Resource.h">
      <Filter>Resource</Filter>
    </ClInclude>
    <ClInclude Include="ITrans.h">
      <Filter>Transition</Filter>
    </ClInclude>
    <ClInclude Include="CTransFadein.h">
      <Filter>Transition</Filter>
    </ClInclude>
    <ClInclude Include="ISceneChanger.h">
      <Filter>Transition</Filter>
    </ClInclude>
    <ClInclude Include="CTransFadeout.h">
      <Filter>Transition</Filter>
    </ClInclude>
    <ClInclude Include="CTransDarkness.h">
      <Filter>Transition</Filter>
    </ClInclude>
    <ClInclude Include="CScene.h">
      <Filter>Scene</Filter>
    </ClInclude>
    <ClInclude Include="CSceneMgr.h">
      <Filter>Scene</Filter>
    </ClInclude>
    <ClInclude Include="Opening.MyLogo.h">
      <Filter>Scene\Opening</Filter>
    </ClInclude>
    <ClInclude Include="Opening.Title.h">
      <Filter>Scene\Opening</Filter>
    </ClInclude>
    <ClInclude Include="Graphic.h">
      <Filter>Resource\Graphic</Filter>
    </ClInclude>
    <ClInclude Include="Movie.h">
      <Filter>Resource\Movie</Filter>
    </ClInclude>
    <ClInclude Include="MovieTitle.h">
      <Filter>Resource\Movie</Filter>
    </ClInclude>
    <ClInclude Include="GraphicSpriteStudio.h">
      <Filter>Resource\Graphic</Filter>
    </ClInclude>
    <ClInclude Include="GraphicLogo.h">
      <Filter>Resource\Graphic</Filter>
    </ClInclude>
    <ClInclude Include="GraphicLoading.h">
      <Filter>Resource\Graphic</Filter>
    </ClInclude>
  </ItemGroup>
  <ItemGroup>
    <ClCompile Include="key.cpp">
      <Filter>others</Filter>
    </ClCompile>
    <ClCompile Include="function.cpp">
      <Filter>others</Filter>
    </ClCompile>
    <ClCompile Include="CBright.cpp">
      <Filter>others</Filter>
    </ClCompile>
    <ClCompile Include="main.cpp" />
    <ClCompile Include="CTransFadeout.cpp">
      <Filter>Transition</Filter>
    </ClCompile>
    <ClCompile Include="CTransFadein.cpp">
      <Filter>Transition</Filter>
    </ClCompile>
    <ClCompile Include="CTransDarkness.cpp">
      <Filter>Transition</Filter>
    </ClCompile>
    <ClCompile Include="CSceneMgr.cpp">
      <Filter>Scene</Filter>
    </ClCompile>
    <ClCompile Include="Opening.MyLogo.cpp">
      <Filter>Scene\Opening</Filter>
    </ClCompile>
    <ClCompile Include="Opening.SSLogo.cpp">
      <Filter>Scene\Opening</Filter>
    </ClCompile>
    <ClCompile Include="Opening.Title.cpp">
      <Filter>Scene\Opening</Filter>
    </ClCompile>
  </ItemGroup>
  <ItemGroup>
    <None Include="Opening.SSLogo.h">
      <Filter>Scene\Opening</Filter>
    </None>
  </ItemGroup>
</Project>